
Microsoft Visual Studio Solution File, Format Version 12.00
# Visual Studio 15
VisualStudioVersion = 15.0.26124.0
MinimumVisualStudioVersion = 15.0.26124.0
Project("{FAE04EC0-301F-11D3-BF4B-00C04F79EFBC}") = "AwesomeLibrary.Core", "AwesomeLibrary.Core\AwesomeLibrary.Core.csproj", "{0FFB9984-691F-403B-93FD-0A0D9422504D}"
EndProject
Project("{FAE04EC0-301F-11D3-BF4B-00C04F79EFBC}") = "AwesomeLibrary.CSharp", "AwesomeLibrary.CSharp\AwesomeLibrary.CSharp.csproj", "{DB8A55E4-E6FD-4B18-8343-2C6DEE80B801}"
EndProject
Project("{F2A71F9B-5D33-465A-A702-920D77279786}") = "AwesomeLibrary.FSharp", "AwesomeLibrary.FSharp\AwesomeLibrary.FSharp.fsproj", "{34896E56-F8C7-4791-A764-D17881649289}"
EndProject
Global
	GlobalSection(SolutionConfigurationPlatforms) = preSolution
		Debug|Any CPU = Debug|Any CPU
		Debug|x64 = Debug|x64
		Debug|x86 = Debug|x86
		Release|Any CPU = Release|Any CPU
		Release|x64 = Release|x64
		Release|x86 = Release|x86
	EndGlobalSection
	GlobalSection(SolutionProperties) = preSolution
		HideSolutionNode = FALSE
	EndGlobalSection
	GlobalSection(ProjectConfigurationPlatforms) = postSolution
		{0FFB9984-691F-403B-93FD-0A0D9422504D}.Debug|Any CPU.ActiveCfg = Debug|Any CPU
		{0FFB9984-691F-403B-93FD-0A0D9422504D}.Debug|Any CPU.Build.0 = Debug|Any CPU
		{0FFB9984-691F-403B-93FD-0A0D9422504D}.Debug|x64.ActiveCfg = Debug|Any CPU
		{0FFB9984-691F-403B-93FD-0A0D9422504D}.Debug|x64.Build.0 = Debug|Any CPU
		{0FFB9984-691F-403B-93FD-0A0D9422504D}.Debug|x86.ActiveCfg = Debug|Any CPU
		{0FFB9984-691F-403B-93FD-0A0D9422504D}.Debug|x86.Build.0 = Debug|Any CPU
		{0FFB9984-691F-403B-93FD-0A0D9422504D}.Release|Any CPU.ActiveCfg = Release|Any CPU
		{0FFB9984-691F-403B-93FD-0A0D9422504D}.Release|Any CPU.Build.0 = Release|Any CPU
		{0FFB9984-691F-403B-93FD-0A0D9422504D}.Release|x64.ActiveCfg = Release|Any CPU
		{0FFB9984-691F-403B-93FD-0A0D9422504D}.Release|x64.Build.0 = Release|Any CPU
		{0FFB9984-691F-403B-93FD-0A0D9422504D}.Release|x86.ActiveCfg = Release|Any CPU
		{0FFB9984-691F-403B-93FD-0A0D9422504D}.Release|x86.Build.0 = Release|Any CPU
		{DB8A55E4-E6FD-4B18-8343-2C6DEE80B801}.Debug|Any CPU.ActiveCfg = Debug|Any CPU
		{DB8A55E4-E6FD-4B18-8343-2C6DEE80B801}.Debug|Any CPU.Build.0 = Debug|Any CPU
		{DB8A55E4-E6FD-4B18-8343-2C6DEE80B801}.Debug|x64.ActiveCfg = Debug|Any CPU
		{DB8A55E4-E6FD-4B18-8343-2C6DEE80B801}.Debug|x64.Build.0 = Debug|Any CPU
		{DB8A55E4-E6FD-4B18-8343-2C6DEE80B801}.Debug|x86.ActiveCfg = Debug|Any CPU
		{DB8A55E4-E6FD-4B18-8343-2C6DEE80B801}.Debug|x86.Build.0 = Debug|Any CPU
		{DB8A55E4-E6FD-4B18-8343-2C6DEE80B801}.Release|Any CPU.ActiveCfg = Release|Any CPU
		{DB8A55E4-E6FD-4B18-8343-2C6DEE80B801}.Release|Any CPU.Build.0 = Release|Any CPU
		{DB8A55E4-E6FD-4B18-8343-2C6DEE80B801}.Release|x64.ActiveCfg = Release|Any CPU
		{DB8A55E4-E6FD-4B18-8343-2C6DEE80B801}.Release|x64.Build.0 = Release|Any CPU
		{DB8A55E4-E6FD-4B18-8343-2C6DEE80B801}.Release|x86.ActiveCfg = Release|Any CPU
		{DB8A55E4-E6FD-4B18-8343-2C6DEE80B801}.Release|x86.Build.0 = Release|Any CPU
		{34896E56-F8C7-4791-A764-D17881649289}.Debug|Any CPU.ActiveCfg = Debug|Any CPU
		{34896E56-F8C7-4791-A764-D17881649289}.Debug|Any CPU.Build.0 = Debug|Any CPU
		{34896E56-F8C7-4791-A764-D17881649289}.Debug|x64.ActiveCfg = Debug|Any CPU
		{34896E56-F8C7-4791-A764-D17881649289}.Debug|x64.Build.0 = Debug|Any CPU
		{34896E56-F8C7-4791-A764-D17881649289}.Debug|x86.ActiveCfg = Debug|Any CPU
		{34896E56-F8C7-4791-A764-D17881649289}.Debug|x86.Build.0 = Debug|Any CPU
		{34896E56-F8C7-4791-A764-D17881649289}.Release|Any CPU.ActiveCfg = Release|Any CPU
		{34896E56-F8C7-4791-A764-D17881649289}.Release|Any CPU.Build.0 = Release|Any CPU
		{34896E56-F8C7-4791-A764-D17881649289}.Release|x64.ActiveCfg = Release|Any CPU
		{34896E56-F8C7-4791-A764-D17881649289}.Release|x64.Build.0 = Release|Any CPU
		{34896E56-F8C7-4791-A764-D17881649289}.Release|x86.ActiveCfg = Release|Any CPU
		{34896E56-F8C7-4791-A764-D17881649289}.Release|x86.Build.0 = Release|Any CPU
	EndGlobalSection
EndGlobal
